
Microsoft Visual Studio Solution File, Format Version 12.00
# Visual Studio Version 17
VisualStudioVersion = 17.8.34511.84
MinimumVisualStudioVersion = 10.0.40219.1
Project("{FAE04EC0-301F-11D3-BF4B-00C04F79EFBC}") = "CrudApp.Web", "CrudApp.Web\CrudApp.Web.csproj", "{55725CBF-B00B-49AC-9DFE-8FD7868D58BB}"
EndProject
Global
	GlobalSection(SolutionConfigurationPlatforms) = preSolution
		Debug|Any CPU = Debug|Any CPU
		Release|Any CPU = Release|Any CPU
	EndGlobalSection
	GlobalSection(ProjectConfigurationPlatforms) = postSolution
		{55725CBF-B00B-49AC-9DFE-8FD7868D58BB}.Debug|Any CPU.ActiveCfg = Debug|Any CPU
		{55725CBF-B00B-49AC-9DFE-8FD7868D58BB}.Debug|Any CPU.Build.0 = Debug|Any CPU
		{55725CBF-B00B-49AC-9DFE-8FD7868D58BB}.Release|Any CPU.ActiveCfg = Release|Any CPU
		{55725CBF-B00B-49AC-9DFE-8FD7868D58BB}.Release|Any CPU.Build.0 = Release|Any CPU
	EndGlobalSection
	GlobalSection(SolutionProperties) = preSolution
		HideSolutionNode = FALSE
	EndGlobalSection
	GlobalSection(ExtensibilityGlobals) = postSolution
		SolutionGuid = {80A2ED78-4C23-43DA-8D5F-49DD21EEA5FD}
	EndGlobalSection
EndGlobal
